// !$*UTF8*$!
{
	archiveVersion = 1;
	classes = {
	};
	objectVersion = 50;
	objects = {

/* Begin PBXBuildFile section */
		FC5163692094477300BF0D1F /* Fakes in Resources */ = {isa = PBXBuildFile; fileRef = FC51634A2094477000BF0D1F /* Fakes */; };
		FC51636A2094477300BF0D1F /* PasscodeLockDemoUITests in Resources */ = {isa = PBXBuildFile; fileRef = FC51634B2094477000BF0D1F /* PasscodeLockDemoUITests */; };
		FC51636B2094477300BF0D1F /* SwiftPasscodeLock-master in Resources */ = {isa = PBXBuildFile; fileRef = FC51634C2094477000BF0D1F /* SwiftPasscodeLock-master */; };
		FC51636C2094477300BF0D1F /* Protocols in Resources */ = {isa = PBXBuildFile; fileRef = FC51634D2094477000BF0D1F /* Protocols */; };
		FC51636D2094477300BF0D1F /* PasscodeLockDemo in Resources */ = {isa = PBXBuildFile; fileRef = FC51634E2094477000BF0D1F /* PasscodeLockDemo */; };
		FC51636E2094477300BF0D1F /* Views in Resources */ = {isa = PBXBuildFile; fileRef = FC51634F2094477000BF0D1F /* Views */; };
		FC51636F2094477300BF0D1F /* PasscodeLock in Resources */ = {isa = PBXBuildFile; fileRef = FC5163502094477000BF0D1F /* PasscodeLock */; };
		FC5163702094477300BF0D1F /* PasscodeLock in Resources */ = {isa = PBXBuildFile; fileRef = FC5163512094477100BF0D1F /* PasscodeLock */; };
		FC5163712094477300BF0D1F /* PasscodeLockDemoTests in Resources */ = {isa = PBXBuildFile; fileRef = FC5163522094477100BF0D1F /* PasscodeLockDemoTests */; };
		FC5163722094477300BF0D1F /* PasscodeLockTests in Resources */ = {isa = PBXBuildFile; fileRef = FC5163532094477100BF0D1F /* PasscodeLockTests */; };
		FC5163732094477300BF0D1F /* Info.plist in Resources */ = {isa = PBXBuildFile; fileRef = FC5163542094477100BF0D1F /* Info.plist */; };
		FC5163742094477300BF0D1F /* PasscodeLock in Resources */ = {isa = PBXBuildFile; fileRef = FC5163552094477100BF0D1F /* PasscodeLock */; };
		FC5163752094477300BF0D1F /* Functions.swift in Sources */ = {isa = PBXBuildFile; fileRef = FC5163562094477100BF0D1F /* Functions.swift */; };
		FC5163762094477300BF0D1F /* PasscodeLock in Resources */ = {isa = PBXBuildFile; fileRef = FC5163572094477100BF0D1F /* PasscodeLock */; };
		FC5163772094477300BF0D1F /* PasscodeLockPresenter.swift in Sources */ = {isa = PBXBuildFile; fileRef = FC5163582094477100BF0D1F /* PasscodeLockPresenter.swift */; };
		FC5163782094477300BF0D1F /* PasscodeLockTests copy-Info.plist in Resources */ = {isa = PBXBuildFile; fileRef = FC5163592094477100BF0D1F /* PasscodeLockTests copy-Info.plist */; };
		FC5163792094477300BF0D1F /* LocalAuthentication.framework in Frameworks */ = {isa = PBXBuildFile; fileRef = FC51635B2094477200BF0D1F /* LocalAuthentication.framework */; };
		FC51637A2094477300BF0D1F /* Info.plist in Resources */ = {isa = PBXBuildFile; fileRef = FC51635C2094477200BF0D1F /* Info.plist */; };
		FC51637B2094477300BF0D1F /* UserDefaultsPasscodeRepository.swift in Sources */ = {isa = PBXBuildFile; fileRef = FC51635D2094477200BF0D1F /* UserDefaultsPasscodeRepository.swift */; };
		FC51637C2094477300BF0D1F /* PasscodeLockDemo in Resources */ = {isa = PBXBuildFile; fileRef = FC51635E2094477200BF0D1F /* PasscodeLockDemo */; };
		FC51637D2094477300BF0D1F /* Info.plist in Resources */ = {isa = PBXBuildFile; fileRef = FC51635F2094477200BF0D1F /* Info.plist */; };
		FC51637E2094477300BF0D1F /* Info.plist in Resources */ = {isa = PBXBuildFile; fileRef = FC5163612094477200BF0D1F /* Info.plist */; };
		FC51637F2094477300BF0D1F /* PasscodeSettingsViewController.swift in Sources */ = {isa = PBXBuildFile; fileRef = FC5163622094477200BF0D1F /* PasscodeSettingsViewController.swift */; };
		FC5163802094477300BF0D1F /* PasscodeLockDemo in Resources */ = {isa = PBXBuildFile; fileRef = FC5163632094477200BF0D1F /* PasscodeLockDemo */; };
		FC5163812094477300BF0D1F /* PasscodeLockConfiguration.swift in Sources */ = {isa = PBXBuildFile; fileRef = FC5163642094477300BF0D1F /* PasscodeLockConfiguration.swift */; };
		FC5163822094477300BF0D1F /* Info.plist in Resources */ = {isa = PBXBuildFile; fileRef = FC5163652094477300BF0D1F /* Info.plist */; };
		FC5163832094477300BF0D1F /* Assets.xcassets in Resources */ = {isa = PBXBuildFile; fileRef = FC5163662094477300BF0D1F /* Assets.xcassets */; };
		FC5163842094477300BF0D1F /* PasscodeLockViewController.swift in Sources */ = {isa = PBXBuildFile; fileRef = FC5163672094477300BF0D1F /* PasscodeLockViewController.swift */; };
		FC5163852094477300BF0D1F /* AppDelegate.swift in Sources */ = {isa = PBXBuildFile; fileRef = FC5163682094477300BF0D1F /* AppDelegate.swift */; };
/* End PBXBuildFile section */

/* Begin PBXFileReference section */
		FC5163352094474400BF0D1F /* ㅎ.app */ = {isa = PBXFileReference; explicitFileType = wrapper.application; includeInIndex = 0; name = "ㅎ.app"; path = "/Users/mbp04/Documents/GitHub/Mouda/moudaTab2/Setting/Passcode/Source/ㅎ/build/Debug-iphoneos/ㅎ.app"; sourceTree = "<absolute>"; };
		FC51634A2094477000BF0D1F /* Fakes */ = {isa = PBXFileReference; lastKnownFileType = folder; name = Fakes; path = "../../../../../../../../Downloads/SwiftPasscodeLock-master/PasscodeLockTests/Fakes"; sourceTree = "<group>"; };
		FC51634B2094477000BF0D1F /* PasscodeLockDemoUITests */ = {isa = PBXFileReference; lastKnownFileType = folder; name = PasscodeLockDemoUITests; path = "../../../../../../../../Downloads/SwiftPasscodeLock-master/PasscodeLockDemoUITests"; sourceTree = "<group>"; };
		FC51634C2094477000BF0D1F /* SwiftPasscodeLock-master */ = {isa = PBXFileReference; lastKnownFileType = folder; name = "SwiftPasscodeLock-master"; path = "../../../../../../../../Downloads/SwiftPasscodeLock-master"; sourceTree = "<group>"; };
		FC51634D2094477000BF0D1F /* Protocols */ = {isa = PBXFileReference; lastKnownFileType = folder; name = Protocols; path = "../../../../../../../../Downloads/SwiftPasscodeLock-master/PasscodeLock/Protocols"; sourceTree = "<group>"; };
		FC51634E2094477000BF0D1F /* PasscodeLockDemo */ = {isa = PBXFileReference; lastKnownFileType = folder; name = PasscodeLockDemo; path = "../../../../../../../../Downloads/SwiftPasscodeLock-master/PasscodeLockDemo"; sourceTree = "<group>"; };
		FC51634F2094477000BF0D1F /* Views */ = {isa = PBXFileReference; lastKnownFileType = folder; name = Views; path = "../../../../../../../../Downloads/SwiftPasscodeLock-master/PasscodeLock/Views"; sourceTree = "<group>"; };
		FC5163502094477000BF0D1F /* PasscodeLock */ = {isa = PBXFileReference; lastKnownFileType = folder; name = PasscodeLock; path = "../../../../../../../../Downloads/SwiftPasscodeLock-master/PasscodeLock"; sourceTree = "<group>"; };
		FC5163512094477100BF0D1F /* PasscodeLock */ = {isa = PBXFileReference; lastKnownFileType = folder; name = PasscodeLock; path = "../../../../../../../../Downloads/SwiftPasscodeLock-master/PasscodeLockTests/PasscodeLock"; sourceTree = "<group>"; };
		FC5163522094477100BF0D1F /* PasscodeLockDemoTests */ = {isa = PBXFileReference; lastKnownFileType = folder; name = PasscodeLockDemoTests; path = "../../../../../../../../Downloads/SwiftPasscodeLock-master/PasscodeLockDemoTests"; sourceTree = "<group>"; };
		FC5163532094477100BF0D1F /* PasscodeLockTests */ = {isa = PBXFileReference; lastKnownFileType = folder; name = PasscodeLockTests; path = "../../../../../../../../Downloads/SwiftPasscodeLock-master/PasscodeLockTests"; sourceTree = "<group>"; };
		FC5163542094477100BF0D1F /* Info.plist */ = {isa = PBXFileReference; fileEncoding = 4; lastKnownFileType = text.plist.xml; name = Info.plist; path = "../../../../../../../../Downloads/SwiftPasscodeLock-master/PasscodeLockDemoUITests/Info.plist"; sourceTree = "<group>"; };
		FC5163552094477100BF0D1F /* PasscodeLock */ = {isa = PBXFileReference; lastKnownFileType = folder; name = PasscodeLock; path = "../../../../../../../../Downloads/SwiftPasscodeLock-master/PasscodeLock/PasscodeLock"; sourceTree = "<group>"; };
		FC5163562094477100BF0D1F /* Functions.swift */ = {isa = PBXFileReference; fileEncoding = 4; lastKnownFileType = sourcecode.swift; name = Functions.swift; path = "../../../../../../../../Downloads/SwiftPasscodeLock-master/PasscodeLock/Functions.swift"; sourceTree = "<group>"; };
		FC5163572094477100BF0D1F /* PasscodeLock */ = {isa = PBXFileReference; lastKnownFileType = folder; name = PasscodeLock; path = "../../../../../../../../Downloads/SwiftPasscodeLock-master/PasscodeLock"; sourceTree = "<group>"; };
		FC5163582094477100BF0D1F /* PasscodeLockPresenter.swift */ = {isa = PBXFileReference; fileEncoding = 4; lastKnownFileType = sourcecode.swift; name = PasscodeLockPresenter.swift; path = "../../../../../../../../Downloads/SwiftPasscodeLock-master/PasscodeLock/PasscodeLockPresenter.swift"; sourceTree = "<group>"; };
		FC5163592094477100BF0D1F /* PasscodeLockTests copy-Info.plist */ = {isa = PBXFileReference; fileEncoding = 4; lastKnownFileType = text.plist.xml; name = "PasscodeLockTests copy-Info.plist"; path = "../../../../../../../../Downloads/SwiftPasscodeLock-master/PasscodeLockTests copy-Info.plist"; sourceTree = "<group>"; };
		FC51635A2094477100BF0D1F /* PasscodeLock.h */ = {isa = PBXFileReference; fileEncoding = 4; lastKnownFileType = sourcecode.c.h; name = PasscodeLock.h; path = "../../../../../../../../Downloads/SwiftPasscodeLock-master/PasscodeLock/PasscodeLock.h"; sourceTree = "<group>"; };
		FC51635B2094477200BF0D1F /* LocalAuthentication.framework */ = {isa = PBXFileReference; lastKnownFileType = wrapper.framework; name = LocalAuthentication.framework; path = System/Library/Frameworks/LocalAuthentication.framework; sourceTree = SDKROOT; };
		FC51635C2094477200BF0D1F /* Info.plist */ = {isa = PBXFileReference; fileEncoding = 4; lastKnownFileType = text.plist.xml; name = Info.plist; path = "../../../../../../../../Downloads/SwiftPasscodeLock-master/PasscodeLockDemo/Info.plist"; sourceTree = "<group>"; };
		FC51635D2094477200BF0D1F /* UserDefaultsPasscodeRepository.swift */ = {isa = PBXFileReference; fileEncoding = 4; lastKnownFileType = sourcecode.swift; name = UserDefaultsPasscodeRepository.swift; path = "../../../../../../../../Downloads/SwiftPasscodeLock-master/PasscodeLockDemo/UserDefaultsPasscodeRepository.swift"; sourceTree = "<group>"; };
		FC51635E2094477200BF0D1F /* PasscodeLockDemo */ = {isa = PBXFileReference; lastKnownFileType = folder; name = PasscodeLockDemo; path = "../../../../../../../../Downloads/SwiftPasscodeLock-master/PasscodeLockDemo"; sourceTree = "<group>"; };
		FC51635F2094477200BF0D1F /* Info.plist */ = {isa = PBXFileReference; fileEncoding = 4; lastKnownFileType = text.plist.xml; name = Info.plist; path = "../../../../../../../../Downloads/SwiftPasscodeLock-master/PasscodeLockDemoTests/Info.plist"; sourceTree = "<group>"; };
		FC5163602094477200BF0D1F /* PasscodeLockTests-Bridging-Header.h */ = {isa = PBXFileReference; fileEncoding = 4; lastKnownFileType = sourcecode.c.h; name = "PasscodeLockTests-Bridging-Header.h"; path = "../../../../../../../../Downloads/SwiftPasscodeLock-master/PasscodeLockTests/PasscodeLockTests-Bridging-Header.h"; sourceTree = "<group>"; };
		FC5163612094477200BF0D1F /* Info.plist */ = {isa = PBXFileReference; fileEncoding = 4; lastKnownFileType = text.plist.xml; name = Info.plist; path = "../../../../../../../../Downloads/SwiftPasscodeLock-master/PasscodeLock/Info.plist"; sourceTree = "<group>"; };
		FC5163622094477200BF0D1F /* PasscodeSettingsViewController.swift */ = {isa = PBXFileReference; fileEncoding = 4; lastKnownFileType = sourcecode.swift; name = PasscodeSettingsViewController.swift; path = "../../../../../../../../Downloads/SwiftPasscodeLock-master/PasscodeLockDemo/PasscodeSettingsViewController.swift"; sourceTree = "<group>"; };
		FC5163632094477200BF0D1F /* PasscodeLockDemo */ = {isa = PBXFileReference; lastKnownFileType = folder; name = PasscodeLockDemo; path = "../../../../../../../../Downloads/SwiftPasscodeLock-master/PasscodeLockDemo"; sourceTree = "<group>"; };
		FC5163642094477300BF0D1F /* PasscodeLockConfiguration.swift */ = {isa = PBXFileReference; fileEncoding = 4; lastKnownFileType = sourcecode.swift; name = PasscodeLockConfiguration.swift; path = "../../../../../../../../Downloads/SwiftPasscodeLock-master/PasscodeLockDemo/PasscodeLockConfiguration.swift"; sourceTree = "<group>"; };
		FC5163652094477300BF0D1F /* Info.plist */ = {isa = PBXFileReference; fileEncoding = 4; lastKnownFileType = text.plist.xml; name = Info.plist; path = "../../../../../../../../Downloads/SwiftPasscodeLock-master/PasscodeLockTests/Info.plist"; sourceTree = "<group>"; };
		FC5163662094477300BF0D1F /* Assets.xcassets */ = {isa = PBXFileReference; lastKnownFileType = folder.assetcatalog; name = Assets.xcassets; path = "../../../../../../../../Downloads/SwiftPasscodeLock-master/PasscodeLockDemo/Assets.xcassets"; sourceTree = "<group>"; };
		FC5163672094477300BF0D1F /* PasscodeLockViewController.swift */ = {isa = PBXFileReference; fileEncoding = 4; lastKnownFileType = sourcecode.swift; name = PasscodeLockViewController.swift; path = "../../../../../../../../Downloads/SwiftPasscodeLock-master/PasscodeLock/PasscodeLockViewController.swift"; sourceTree = "<group>"; };
		FC5163682094477300BF0D1F /* AppDelegate.swift */ = {isa = PBXFileReference; fileEncoding = 4; lastKnownFileType = sourcecode.swift; name = AppDelegate.swift; path = "../../../../../../../../Downloads/SwiftPasscodeLock-master/PasscodeLockDemo/AppDelegate.swift"; sourceTree = "<group>"; };
/* End PBXFileReference section */

/* Begin PBXFrameworksBuildPhase section */
		FC5163322094474400BF0D1F /* Frameworks */ = {
			isa = PBXFrameworksBuildPhase;
			buildActionMask = 2147483647;
			files = (
				FC5163792094477300BF0D1F /* LocalAuthentication.framework in Frameworks */,
			);
			runOnlyForDeploymentPostprocessing = 0;
		};
/* End PBXFrameworksBuildPhase section */

/* Begin PBXGroup section */
		FC51632C2094474400BF0D1F = {
			isa = PBXGroup;
			children = (
				FC5163502094477000BF0D1F /* PasscodeLock */,
				FC5163512094477100BF0D1F /* PasscodeLock */,
				FC5163552094477100BF0D1F /* PasscodeLock */,
				FC5163572094477100BF0D1F /* PasscodeLock */,
				FC51634D2094477000BF0D1F /* Protocols */,
				FC51634F2094477000BF0D1F /* Views */,
				FC51635B2094477200BF0D1F /* LocalAuthentication.framework */,
				FC51635A2094477100BF0D1F /* PasscodeLock.h */,
				FC5163602094477200BF0D1F /* PasscodeLockTests-Bridging-Header.h */,
				FC51635E2094477200BF0D1F /* PasscodeLockDemo */,
				FC5163632094477200BF0D1F /* PasscodeLockDemo */,
				FC5163682094477300BF0D1F /* AppDelegate.swift */,
				FC5163622094477200BF0D1F /* PasscodeSettingsViewController.swift */,
				FC5163662094477300BF0D1F /* Assets.xcassets */,
				FC5163542094477100BF0D1F /* Info.plist */,
				FC5163592094477100BF0D1F /* PasscodeLockTests copy-Info.plist */,
				FC51635C2094477200BF0D1F /* Info.plist */,
				FC51635F2094477200BF0D1F /* Info.plist */,
				FC5163612094477200BF0D1F /* Info.plist */,
				FC5163652094477300BF0D1F /* Info.plist */,
				FC5163562094477100BF0D1F /* Functions.swift */,
				FC5163672094477300BF0D1F /* PasscodeLockViewController.swift */,
				FC5163582094477100BF0D1F /* PasscodeLockPresenter.swift */,
				FC5163532094477100BF0D1F /* PasscodeLockTests */,
				FC51634A2094477000BF0D1F /* Fakes */,
				FC51634E2094477000BF0D1F /* PasscodeLockDemo */,
				FC51635D2094477200BF0D1F /* UserDefaultsPasscodeRepository.swift */,
				FC5163642094477300BF0D1F /* PasscodeLockConfiguration.swift */,
				FC5163522094477100BF0D1F /* PasscodeLockDemoTests */,
				FC51634B2094477000BF0D1F /* PasscodeLockDemoUITests */,
				FC51634C2094477000BF0D1F /* SwiftPasscodeLock-master */,
			);
			sourceTree = "<group>";
		};
/* End PBXGroup section */

/* Begin PBXNativeTarget section */
		FC5163342094474400BF0D1F /* ㅎ */ = {
			isa = PBXNativeTarget;
			buildConfigurationList = FC5163472094474600BF0D1F /* Build configuration list for PBXNativeTarget "ㅎ" */;
			buildPhases = (
				FC5163312094474400BF0D1F /* Sources */,
				FC5163322094474400BF0D1F /* Frameworks */,
				FC5163332094474400BF0D1F /* Resources */,
			);
			buildRules = (
			);
			dependencies = (
			);
			name = "ㅎ";
			productName = "ㅎ";
			productReference = FC5163352094474400BF0D1F /* ㅎ.app */;
			productType = "com.apple.product-type.application";
		};
/* End PBXNativeTarget section */

/* Begin PBXProject section */
		FC51632D2094474400BF0D1F /* Project object */ = {
			isa = PBXProject;
			attributes = {
				LastSwiftUpdateCheck = 0930;
				LastUpgradeCheck = 0930;
				ORGANIZATIONNAME = codershigh;
				TargetAttributes = {
					FC5163342094474400BF0D1F = {
						CreatedOnToolsVersion = 9.3;
					};
				};
			};
			buildConfigurationList = FC5163302094474400BF0D1F /* Build configuration list for PBXProject "ㅎ" */;
			compatibilityVersion = "Xcode 9.3";
			developmentRegion = en;
			hasScannedForEncodings = 0;
			knownRegions = (
				en,
				Base,
			);
			mainGroup = FC51632C2094474400BF0D1F;
			productRefGroup = FC51632C2094474400BF0D1F;
			projectDirPath = "";
			projectRoot = "";
			targets = (
				FC5163342094474400BF0D1F /* ㅎ */,
			);
		};
/* End PBXProject section */

/* Begin PBXResourcesBuildPhase section */
		FC5163332094474400BF0D1F /* Resources */ = {
			isa = PBXResourcesBuildPhase;
			buildActionMask = 2147483647;
			files = (
				FC51637C2094477300BF0D1F /* PasscodeLockDemo in Resources */,
				FC51636A2094477300BF0D1F /* PasscodeLockDemoUITests in Resources */,
				FC51637E2094477300BF0D1F /* Info.plist in Resources */,
				FC5163692094477300BF0D1F /* Fakes in Resources */,
				FC5163832094477300BF0D1F /* Assets.xcassets in Resources */,
				FC51636F2094477300BF0D1F /* PasscodeLock in Resources */,
				FC5163742094477300BF0D1F /* PasscodeLock in Resources */,
				FC5163722094477300BF0D1F /* PasscodeLockTests in Resources */,
				FC5163762094477300BF0D1F /* PasscodeLock in Resources */,
				FC5163822094477300BF0D1F /* Info.plist in Resources */,
				FC51636D2094477300BF0D1F /* PasscodeLockDemo in Resources */,
				FC5163782094477300BF0D1F /* PasscodeLockTests copy-Info.plist in Resources */,
				FC51637A2094477300BF0D1F /* Info.plist in Resources */,
				FC51637D2094477300BF0D1F /* Info.plist in Resources */,
				FC5163802094477300BF0D1F /* PasscodeLockDemo in Resources */,
				FC51636E2094477300BF0D1F /* Views in Resources */,
				FC51636C2094477300BF0D1F /* Protocols in Resources */,
				FC51636B2094477300BF0D1F /* SwiftPasscodeLock-master in Resources */,
				FC5163732094477300BF0D1F /* Info.plist in Resources */,
				FC5163712094477300BF0D1F /* PasscodeLockDemoTests in Resources */,
				FC5163702094477300BF0D1F /* PasscodeLock in Resources */,
			);
			runOnlyForDeploymentPostprocessing = 0;
		};
/* End PBXResourcesBuildPhase section */

/* Begin PBXSourcesBuildPhase section */
		FC5163312094474400BF0D1F /* Sources */ = {
			isa = PBXSourcesBuildPhase;
			buildActionMask = 2147483647;
			files = (
				FC5163752094477300BF0D1F /* Functions.swift in Sources */,
				FC51637F2094477300BF0D1F /* PasscodeSettingsViewController.swift in Sources */,
				FC5163842094477300BF0D1F /* PasscodeLockViewController.swift in Sources */,
				FC51637B2094477300BF0D1F /* UserDefaultsPasscodeRepository.swift in Sources */,
				FC5163852094477300BF0D1F /* AppDelegate.swift in Sources */,
				FC5163812094477300BF0D1F /* PasscodeLockConfiguration.swift in Sources */,
				FC5163772094477300BF0D1F /* PasscodeLockPresenter.swift in Sources */,
			);
			runOnlyForDeploymentPostprocessing = 0;
		};
/* End PBXSourcesBuildPhase section */

/* Begin XCBuildConfiguration section */
		FC5163452094474600BF0D1F /* Debug */ = {
			isa = XCBuildConfiguration;
			buildSettings = {
				ALWAYS_SEARCH_USER_PATHS = NO;
				CLANG_ANALYZER_NONNULL = YES;
				CLANG_ANALYZER_NUMBER_OBJECT_CONVERSION = YES_AGGRESSIVE;
				CLANG_CXX_LANGUAGE_STANDARD = "gnu++14";
				CLANG_CXX_LIBRARY = "libc++";
				CLANG_ENABLE_MODULES = YES;
				CLANG_ENABLE_OBJC_ARC = YES;
				CLANG_ENABLE_OBJC_WEAK = YES;
				CLANG_WARN_BLOCK_CAPTURE_AUTORELEASING = YES;
				CLANG_WARN_BOOL_CONVERSION = YES;
				CLANG_WARN_COMMA = YES;
				CLANG_WARN_CONSTANT_CONVERSION = YES;
				CLANG_WARN_DEPRECATED_OBJC_IMPLEMENTATIONS = YES;
				CLANG_WARN_DIRECT_OBJC_ISA_USAGE = YES_ERROR;
				CLANG_WARN_DOCUMENTATION_COMMENTS = YES;
				CLANG_WARN_EMPTY_BODY = YES;
				CLANG_WARN_ENUM_CONVERSION = YES;
				CLANG_WARN_INFINITE_RECURSION = YES;
				CLANG_WARN_INT_CONVERSION = YES;
				CLANG_WARN_NON_LITERAL_NULL_CONVERSION = YES;
				CLANG_WARN_OBJC_IMPLICIT_RETAIN_SELF = YES;
				CLANG_WARN_OBJC_LITERAL_CONVERSION = YES;
				CLANG_WARN_OBJC_ROOT_CLASS = YES_ERROR;
				CLANG_WARN_RANGE_LOOP_ANALYSIS = YES;
				CLANG_WARN_STRICT_PROTOTYPES = YES;
				CLANG_WARN_SUSPICIOUS_MOVE = YES;
				CLANG_WARN_UNGUARDED_AVAILABILITY = YES_AGGRESSIVE;
				CLANG_WARN_UNREACHABLE_CODE = YES;
				CLANG_WARN__DUPLICATE_METHOD_MATCH = YES;
				CODE_SIGN_IDENTITY = "iPhone Developer";
				COPY_PHASE_STRIP = NO;
				DEBUG_INFORMATION_FORMAT = dwarf;
				ENABLE_STRICT_OBJC_MSGSEND = YES;
				ENABLE_TESTABILITY = YES;
				GCC_C_LANGUAGE_STANDARD = gnu11;
				GCC_DYNAMIC_NO_PIC = NO;
				GCC_NO_COMMON_BLOCKS = YES;
				GCC_OPTIMIZATION_LEVEL = 0;
				GCC_PREPROCESSOR_DEFINITIONS = (
					"DEBUG=1",
					"$(inherited)",
				);
				GCC_WARN_64_TO_32_BIT_CONVERSION = YES;
				GCC_WARN_ABOUT_RETURN_TYPE = YES_ERROR;
				GCC_WARN_UNDECLARED_SELECTOR = YES;
				GCC_WARN_UNINITIALIZED_AUTOS = YES_AGGRESSIVE;
				GCC_WARN_UNUSED_FUNCTION = YES;
				GCC_WARN_UNUSED_VARIABLE = YES;
				IPHONEOS_DEPLOYMENT_TARGET = 11.3;
				MTL_ENABLE_DEBUG_INFO = YES;
				ONLY_ACTIVE_ARCH = YES;
				SDKROOT = iphoneos;
				SWIFT_ACTIVE_COMPILATION_CONDITIONS = DEBUG;
				SWIFT_OPTIMIZATION_LEVEL = "-Onone";
			};
			name = Debug;
		};
		FC5163462094474600BF0D1F /* Release */ = {
			isa = XCBuildConfiguration;
			buildSettings = {
				ALWAYS_SEARCH_USER_PATHS = NO;
				CLANG_ANALYZER_NONNULL = YES;
				CLANG_ANALYZER_NUMBER_OBJECT_CONVERSION = YES_AGGRESSIVE;
				CLANG_CXX_LANGUAGE_STANDARD = "gnu++14";
				CLANG_CXX_LIBRARY = "libc++";
				CLANG_ENABLE_MODULES = YES;
				CLANG_ENABLE_OBJC_ARC = YES;
				CLANG_ENABLE_OBJC_WEAK = YES;
				CLANG_WARN_BLOCK_CAPTURE_AUTORELEASING = YES;
				CLANG_WARN_BOOL_CONVERSION = YES;
				CLANG_WARN_COMMA = YES;
				CLANG_WARN_CONSTANT_CONVERSION = YES;
				CLANG_WARN_DEPRECATED_OBJC_IMPLEMENTATIONS = YES;
				CLANG_WARN_DIRECT_OBJC_ISA_USAGE = YES_ERROR;
				CLANG_WARN_DOCUMENTATION_COMMENTS = YES;
				CLANG_WARN_EMPTY_BODY = YES;
				CLANG_WARN_ENUM_CONVERSION = YES;
				CLANG_WARN_INFINITE_RECURSION = YES;
				CLANG_WARN_INT_CONVERSION = YES;
				CLANG_WARN_NON_LITERAL_NULL_CONVERSION = YES;
				CLANG_WARN_OBJC_IMPLICIT_RETAIN_SELF = YES;
				CLANG_WARN_OBJC_LITERAL_CONVERSION = YES;
				CLANG_WARN_OBJC_ROOT_CLASS = YES_ERROR;
				CLANG_WARN_RANGE_LOOP_ANALYSIS = YES;
				CLANG_WARN_STRICT_PROTOTYPES = YES;
				CLANG_WARN_SUSPICIOUS_MOVE = YES;
				CLANG_WARN_UNGUARDED_AVAILABILITY = YES_AGGRESSIVE;
				CLANG_WARN_UNREACHABLE_CODE = YES;
				CLANG_WARN__DUPLICATE_METHOD_MATCH = YES;
				CODE_SIGN_IDENTITY = "iPhone Developer";
				COPY_PHASE_STRIP = NO;
				DEBUG_INFORMATION_FORMAT = "dwarf-with-dsym";
				ENABLE_NS_ASSERTIONS = NO;
				ENABLE_STRICT_OBJC_MSGSEND = YES;
				GCC_C_LANGUAGE_STANDARD = gnu11;
				GCC_NO_COMMON_BLOCKS = YES;
				GCC_WARN_64_TO_32_BIT_CONVERSION = YES;
				GCC_WARN_ABOUT_RETURN_TYPE = YES_ERROR;
				GCC_WARN_UNDECLARED_SELECTOR = YES;
				GCC_WARN_UNINITIALIZED_AUTOS = YES_AGGRESSIVE;
				GCC_WARN_UNUSED_FUNCTION = YES;
				GCC_WARN_UNUSED_VARIABLE = YES;
				IPHONEOS_DEPLOYMENT_TARGET = 11.3;
				MTL_ENABLE_DEBUG_INFO = NO;
				SDKROOT = iphoneos;
				SWIFT_COMPILATION_MODE = wholemodule;
				SWIFT_OPTIMIZATION_LEVEL = "-O";
				VALIDATE_PRODUCT = YES;
			};
			name = Release;
		};
		FC5163482094474600BF0D1F /* Debug */ = {
			isa = XCBuildConfiguration;
			buildSettings = {
				ASSETCATALOG_COMPILER_APPICON_NAME = AppIcon;
				CODE_SIGN_STYLE = Automatic;
				INFOPLIST_FILE = "ㅎ/Info.plist";
				LD_RUNPATH_SEARCH_PATHS = (
					"$(inherited)",
					"@executable_path/Frameworks",
				);
				PRODUCT_BUNDLE_IDENTIFIER = "com.codershigh.-";
				PRODUCT_NAME = "$(TARGET_NAME)";
				SWIFT_VERSION = 4.0;
				TARGETED_DEVICE_FAMILY = "1,2";
			};
			name = Debug;
		};
		FC5163492094474600BF0D1F /* Release */ = {
			isa = XCBuildConfiguration;
			buildSettings = {
				ASSETCATALOG_COMPILER_APPICON_NAME = AppIcon;
				CODE_SIGN_STYLE = Automatic;
				INFOPLIST_FILE = "ㅎ/Info.plist";
				LD_RUNPATH_SEARCH_PATHS = (
					"$(inherited)",
					"@executable_path/Frameworks",
				);
				PRODUCT_BUNDLE_IDENTIFIER = "com.codershigh.-";
				PRODUCT_NAME = "$(TARGET_NAME)";
				SWIFT_VERSION = 4.0;
				TARGETED_DEVICE_FAMILY = "1,2";
			};
			name = Release;
		};
/* End XCBuildConfiguration section */

/* Begin XCConfigurationList section */
		FC5163302094474400BF0D1F /* Build configuration list for PBXProject "ㅎ" */ = {
			isa = XCConfigurationList;
			buildConfigurations = (
				FC5163452094474600BF0D1F /* Debug */,
				FC5163462094474600BF0D1F /* Release */,
			);
			defaultConfigurationIsVisible = 0;
			defaultConfigurationName = Release;
		};
		FC5163472094474600BF0D1F /* Build configuration list for PBXNativeTarget "ㅎ" */ = {
			isa = XCConfigurationList;
			buildConfigurations = (
				FC5163482094474600BF0D1F /* Debug */,
				FC5163492094474600BF0D1F /* Release */,
			);
			defaultConfigurationIsVisible = 0;
			defaultConfigurationName = Release;
		};
/* End XCConfigurationList section */
	};
	rootObject = FC51632D2094474400BF0D1F /* Project object */;
}
